
Microsoft Visual Studio Solution File, Format Version 12.00
# Visual Studio Version 17
VisualStudioVersion = 17.2.32630.192
MinimumVisualStudioVersion = 10.0.40219.1
Project("{2150E333-8FDC-42A3-9474-1A3956D46DE8}") = "src", "src", "{007A70D0-774E-4635-9955-F0C2CDCC62EE}"
EndProject
Project("{2150E333-8FDC-42A3-9474-1A3956D46DE8}") = "test", "test", "{F701513E-CCE6-4C60-B621-130E7982762E}"
EndProject
Project("{2150E333-8FDC-42A3-9474-1A3956D46DE8}") = "B1Library", "B1Library", "{B876B0E7-B69A-4A7A-9A8B-0FF7F894C9E3}"
EndProject
Project("{2150E333-8FDC-42A3-9474-1A3956D46DE8}") = "Cancel-NFSe", "Cancel-NFSe", "{1D5A6265-F313-4EEC-BC3D-5D155CDB1484}"
EndProject
Project("{2150E333-8FDC-42A3-9474-1A3956D46DE8}") = "Envia-NFe", "Envia-NFe", "{85658FA0-63B7-4560-A8D5-C6C41F011E2D}"
EndProject
Project("{2150E333-8FDC-42A3-9474-1A3956D46DE8}") = "Inbound-NFe", "Inbound-NFe", "{9C94CF1A-0BA2-4715-A9BA-20F081BCFA35}"
EndProject
Project("{2150E333-8FDC-42A3-9474-1A3956D46DE8}") = "Inbound-NFSe", "Inbound-NFSe", "{B486A860-784F-4ADB-9A74-77B098958295}"
EndProject
Project("{2150E333-8FDC-42A3-9474-1A3956D46DE8}") = "Inbound-OtherDocuments", "Inbound-OtherDocuments", "{77119315-A259-4653-A29C-3F6794C7CC48}"
EndProject
Project("{2150E333-8FDC-42A3-9474-1A3956D46DE8}") = "OrbitLibrary", "OrbitLibrary", "{B3796A96-431F-4D24-B504-733A08CA05E3}"
EndProject
Project("{2150E333-8FDC-42A3-9474-1A3956D46DE8}") = "B1Library-Test", "B1Library-Test", "{96B304B8-57E3-46B1-A37E-25AAFAEB0E8D}"
EndProject
Project("{2150E333-8FDC-42A3-9474-1A3956D46DE8}") = "Cancel-NFSe-Test", "Cancel-NFSe-Test", "{B3BB7002-9A46-4A76-9FF2-5D1E0CE727D9}"
EndProject
Project("{2150E333-8FDC-42A3-9474-1A3956D46DE8}") = "Envia-NFe-Test", "Envia-NFe-Test", "{1F80FDCF-BF49-4553-8D8B-FA52A42796A3}"
EndProject
Project("{2150E333-8FDC-42A3-9474-1A3956D46DE8}") = "Inbound-NFSe-Test", "Inbound-NFSe-Test", "{726AB4BC-A21C-47CB-90FC-101E2FCD5BEE}"
EndProject
Project("{2150E333-8FDC-42A3-9474-1A3956D46DE8}") = "Inbound-NFe-Test", "Inbound-NFe-Test", "{DEBEC197-6BD3-44EA-98A1-F04F89E279CE}"
EndProject
Project("{2150E333-8FDC-42A3-9474-1A3956D46DE8}") = "Inbound-OtherDocuments-Test", "Inbound-OtherDocuments-Test", "{F67E1FA2-5992-4ED9-81BB-E7220B724030}"
EndProject
Project("{2150E333-8FDC-42A3-9474-1A3956D46DE8}") = "OrbitLibrary-Test", "OrbitLibrary-Test", "{987CC61F-D2F5-48D3-ADA7-D4F9E58F07A1}"
EndProject
Project("{9A19103F-16F7-4668-BE54-9A1E7A4F7556}") = "B1Library", "src\B1Library\B1Library.csproj", "{81ADD9F7-1CAF-45E3-8CAD-F3B36B9C984B}"
EndProject
Project("{9A19103F-16F7-4668-BE54-9A1E7A4F7556}") = "B1Library_Tests", "test\B1Library-Test\B1Library_Tests.csproj", "{7E88D459-C037-46D2-9213-598ECEB283B8}"
EndProject
Project("{9A19103F-16F7-4668-BE54-9A1E7A4F7556}") = "OrbitService_Cancel_NFSe", "src\Cancel-NFSe\OrbitService_Cancel_NFSe.csproj", "{1F610485-2D37-4DCB-8E5E-B05C2353EBCD}"
EndProject
Project("{9A19103F-16F7-4668-BE54-9A1E7A4F7556}") = "OrbitService_Test_Cancel_NFSe", "test\Cancel-NFSe-Test\OrbitService_Test_Cancel_NFSe.csproj", "{BAEB4E37-2018-4D86-A561-525EFEF23823}"
EndProject
Project("{9A19103F-16F7-4668-BE54-9A1E7A4F7556}") = "OrbitLibrary", "src\OrbitLibrary\OrbitLibrary.csproj", "{F7A01BD2-2B14-40A7-9C64-329A25DA3781}"
EndProject
Project("{9A19103F-16F7-4668-BE54-9A1E7A4F7556}") = "OrbitLibrary_Test", "test\OrbitLibrary-Test\OrbitLibrary_Test.csproj", "{C15A101C-14FF-4E4D-87F0-D0BB559543B7}"
EndProject
Project("{9A19103F-16F7-4668-BE54-9A1E7A4F7556}") = "OrbitService", "src\Envia-NFe\OrbitService.csproj", "{C715224C-D7A0-4928-994A-B63A138D6D2A}"
EndProject
Project("{9A19103F-16F7-4668-BE54-9A1E7A4F7556}") = "OrbitService_Test", "test\Envia-NFe-Test\OrbitService_Test.csproj", "{7E05FB88-89B9-432A-BF92-174E82862239}"
EndProject
Global
	GlobalSection(SolutionConfigurationPlatforms) = preSolution
		Debug|Any CPU = Debug|Any CPU
		Release|Any CPU = Release|Any CPU
	EndGlobalSection
	GlobalSection(ProjectConfigurationPlatforms) = postSolution
		{81ADD9F7-1CAF-45E3-8CAD-F3B36B9C984B}.Debug|Any CPU.ActiveCfg = Debug|Any CPU
		{81ADD9F7-1CAF-45E3-8CAD-F3B36B9C984B}.Debug|Any CPU.Build.0 = Debug|Any CPU
		{81ADD9F7-1CAF-45E3-8CAD-F3B36B9C984B}.Release|Any CPU.ActiveCfg = Release|Any CPU
		{81ADD9F7-1CAF-45E3-8CAD-F3B36B9C984B}.Release|Any CPU.Build.0 = Release|Any CPU
		{7E88D459-C037-46D2-9213-598ECEB283B8}.Debug|Any CPU.ActiveCfg = Debug|Any CPU
		{7E88D459-C037-46D2-9213-598ECEB283B8}.Debug|Any CPU.Build.0 = Debug|Any CPU
		{7E88D459-C037-46D2-9213-598ECEB283B8}.Release|Any CPU.ActiveCfg = Release|Any CPU
		{7E88D459-C037-46D2-9213-598ECEB283B8}.Release|Any CPU.Build.0 = Release|Any CPU
		{1F610485-2D37-4DCB-8E5E-B05C2353EBCD}.Debug|Any CPU.ActiveCfg = Debug|Any CPU
		{1F610485-2D37-4DCB-8E5E-B05C2353EBCD}.Debug|Any CPU.Build.0 = Debug|Any CPU
		{1F610485-2D37-4DCB-8E5E-B05C2353EBCD}.Release|Any CPU.ActiveCfg = Release|Any CPU
		{1F610485-2D37-4DCB-8E5E-B05C2353EBCD}.Release|Any CPU.Build.0 = Release|Any CPU
		{BAEB4E37-2018-4D86-A561-525EFEF23823}.Debug|Any CPU.ActiveCfg = Debug|Any CPU
		{BAEB4E37-2018-4D86-A561-525EFEF23823}.Debug|Any CPU.Build.0 = Debug|Any CPU
		{BAEB4E37-2018-4D86-A561-525EFEF23823}.Release|Any CPU.ActiveCfg = Release|Any CPU
		{BAEB4E37-2018-4D86-A561-525EFEF23823}.Release|Any CPU.Build.0 = Release|Any CPU
		{F7A01BD2-2B14-40A7-9C64-329A25DA3781}.Debug|Any CPU.ActiveCfg = Debug|Any CPU
		{F7A01BD2-2B14-40A7-9C64-329A25DA3781}.Debug|Any CPU.Build.0 = Debug|Any CPU
		{F7A01BD2-2B14-40A7-9C64-329A25DA3781}.Release|Any CPU.ActiveCfg = Release|Any CPU
		{F7A01BD2-2B14-40A7-9C64-329A25DA3781}.Release|Any CPU.Build.0 = Release|Any CPU
		{C15A101C-14FF-4E4D-87F0-D0BB559543B7}.Debug|Any CPU.ActiveCfg = Debug|Any CPU
		{C15A101C-14FF-4E4D-87F0-D0BB559543B7}.Debug|Any CPU.Build.0 = Debug|Any CPU
		{C15A101C-14FF-4E4D-87F0-D0BB559543B7}.Release|Any CPU.ActiveCfg = Release|Any CPU
		{C15A101C-14FF-4E4D-87F0-D0BB559543B7}.Release|Any CPU.Build.0 = Release|Any CPU
		{C715224C-D7A0-4928-994A-B63A138D6D2A}.Debug|Any CPU.ActiveCfg = Debug|Any CPU
		{C715224C-D7A0-4928-994A-B63A138D6D2A}.Debug|Any CPU.Build.0 = Debug|Any CPU
		{C715224C-D7A0-4928-994A-B63A138D6D2A}.Release|Any CPU.ActiveCfg = Release|Any CPU
		{C715224C-D7A0-4928-994A-B63A138D6D2A}.Release|Any CPU.Build.0 = Release|Any CPU
		{7E05FB88-89B9-432A-BF92-174E82862239}.Debug|Any CPU.ActiveCfg = Debug|Any CPU
		{7E05FB88-89B9-432A-BF92-174E82862239}.Debug|Any CPU.Build.0 = Debug|Any CPU
		{7E05FB88-89B9-432A-BF92-174E82862239}.Release|Any CPU.ActiveCfg = Release|Any CPU
		{7E05FB88-89B9-432A-BF92-174E82862239}.Release|Any CPU.Build.0 = Release|Any CPU
	EndGlobalSection
	GlobalSection(SolutionProperties) = preSolution
		HideSolutionNode = FALSE
	EndGlobalSection
	GlobalSection(NestedProjects) = preSolution
		{B876B0E7-B69A-4A7A-9A8B-0FF7F894C9E3} = {007A70D0-774E-4635-9955-F0C2CDCC62EE}
		{1D5A6265-F313-4EEC-BC3D-5D155CDB1484} = {007A70D0-774E-4635-9955-F0C2CDCC62EE}
		{85658FA0-63B7-4560-A8D5-C6C41F011E2D} = {007A70D0-774E-4635-9955-F0C2CDCC62EE}
		{9C94CF1A-0BA2-4715-A9BA-20F081BCFA35} = {007A70D0-774E-4635-9955-F0C2CDCC62EE}
		{B486A860-784F-4ADB-9A74-77B098958295} = {007A70D0-774E-4635-9955-F0C2CDCC62EE}
		{77119315-A259-4653-A29C-3F6794C7CC48} = {007A70D0-774E-4635-9955-F0C2CDCC62EE}
		{B3796A96-431F-4D24-B504-733A08CA05E3} = {007A70D0-774E-4635-9955-F0C2CDCC62EE}
		{96B304B8-57E3-46B1-A37E-25AAFAEB0E8D} = {F701513E-CCE6-4C60-B621-130E7982762E}
		{B3BB7002-9A46-4A76-9FF2-5D1E0CE727D9} = {F701513E-CCE6-4C60-B621-130E7982762E}
		{1F80FDCF-BF49-4553-8D8B-FA52A42796A3} = {F701513E-CCE6-4C60-B621-130E7982762E}
		{726AB4BC-A21C-47CB-90FC-101E2FCD5BEE} = {F701513E-CCE6-4C60-B621-130E7982762E}
		{DEBEC197-6BD3-44EA-98A1-F04F89E279CE} = {F701513E-CCE6-4C60-B621-130E7982762E}
		{F67E1FA2-5992-4ED9-81BB-E7220B724030} = {F701513E-CCE6-4C60-B621-130E7982762E}
		{987CC61F-D2F5-48D3-ADA7-D4F9E58F07A1} = {F701513E-CCE6-4C60-B621-130E7982762E}
		{81ADD9F7-1CAF-45E3-8CAD-F3B36B9C984B} = {B876B0E7-B69A-4A7A-9A8B-0FF7F894C9E3}
		{7E88D459-C037-46D2-9213-598ECEB283B8} = {96B304B8-57E3-46B1-A37E-25AAFAEB0E8D}
		{1F610485-2D37-4DCB-8E5E-B05C2353EBCD} = {1D5A6265-F313-4EEC-BC3D-5D155CDB1484}
		{BAEB4E37-2018-4D86-A561-525EFEF23823} = {B3BB7002-9A46-4A76-9FF2-5D1E0CE727D9}
		{F7A01BD2-2B14-40A7-9C64-329A25DA3781} = {B3796A96-431F-4D24-B504-733A08CA05E3}
		{C15A101C-14FF-4E4D-87F0-D0BB559543B7} = {987CC61F-D2F5-48D3-ADA7-D4F9E58F07A1}
		{C715224C-D7A0-4928-994A-B63A138D6D2A} = {85658FA0-63B7-4560-A8D5-C6C41F011E2D}
		{7E05FB88-89B9-432A-BF92-174E82862239} = {1F80FDCF-BF49-4553-8D8B-FA52A42796A3}
	EndGlobalSection
	GlobalSection(ExtensibilityGlobals) = postSolution
		SolutionGuid = {40EC3E27-C0F5-43B7-A752-D518DDCC0193}
	EndGlobalSection
EndGlobal
