
Microsoft Visual Studio Solution File, Format Version 12.00
# Visual Studio Version 16
VisualStudioVersion = 16.0.32802.440
MinimumVisualStudioVersion = 10.0.40219.1
Project("{2150E333-8FDC-42A3-9474-1A3956D46DE8}") = "src", "src", "{007A70D0-774E-4635-9955-F0C2CDCC62EE}"
EndProject
Project("{2150E333-8FDC-42A3-9474-1A3956D46DE8}") = "test", "test", "{F701513E-CCE6-4C60-B621-130E7982762E}"
EndProject
Project("{2150E333-8FDC-42A3-9474-1A3956D46DE8}") = "B1Library", "B1Library", "{B876B0E7-B69A-4A7A-9A8B-0FF7F894C9E3}"
EndProject
Project("{2150E333-8FDC-42A3-9474-1A3956D46DE8}") = "OrbitLibrary", "OrbitLibrary", "{B3796A96-431F-4D24-B504-733A08CA05E3}"
EndProject
Project("{2150E333-8FDC-42A3-9474-1A3956D46DE8}") = "B1Library-Test", "B1Library-Test", "{96B304B8-57E3-46B1-A37E-25AAFAEB0E8D}"
EndProject
Project("{2150E333-8FDC-42A3-9474-1A3956D46DE8}") = "Cancel-NFSe-Test", "Cancel-NFSe-Test", "{B3BB7002-9A46-4A76-9FF2-5D1E0CE727D9}"
EndProject
Project("{2150E333-8FDC-42A3-9474-1A3956D46DE8}") = "Envia-NFe-Test", "Envia-NFe-Test", "{1F80FDCF-BF49-4553-8D8B-FA52A42796A3}"
EndProject
Project("{2150E333-8FDC-42A3-9474-1A3956D46DE8}") = "Inbound-NFSe-Test", "Inbound-NFSe-Test", "{726AB4BC-A21C-47CB-90FC-101E2FCD5BEE}"
EndProject
Project("{2150E333-8FDC-42A3-9474-1A3956D46DE8}") = "Inbound-NFe-Test", "Inbound-NFe-Test", "{DEBEC197-6BD3-44EA-98A1-F04F89E279CE}"
EndProject
Project("{2150E333-8FDC-42A3-9474-1A3956D46DE8}") = "Inbound-OtherDocuments-Test", "Inbound-OtherDocuments-Test", "{F67E1FA2-5992-4ED9-81BB-E7220B724030}"
EndProject
Project("{2150E333-8FDC-42A3-9474-1A3956D46DE8}") = "OrbitLibrary-Test", "OrbitLibrary-Test", "{987CC61F-D2F5-48D3-ADA7-D4F9E58F07A1}"
EndProject
Project("{9A19103F-16F7-4668-BE54-9A1E7A4F7556}") = "B1Library", "src\B1Library\B1Library.csproj", "{81ADD9F7-1CAF-45E3-8CAD-F3B36B9C984B}"
EndProject
Project("{9A19103F-16F7-4668-BE54-9A1E7A4F7556}") = "B1Library_Tests", "test\B1Library-Test\B1Library_Tests.csproj", "{7E88D459-C037-46D2-9213-598ECEB283B8}"
EndProject
Project("{9A19103F-16F7-4668-BE54-9A1E7A4F7556}") = "OrbitService_Test_Cancel_NFSe", "test\Cancel-NFSe-Test\OrbitService_Test_Cancel_NFSe.csproj", "{BAEB4E37-2018-4D86-A561-525EFEF23823}"
EndProject
Project("{9A19103F-16F7-4668-BE54-9A1E7A4F7556}") = "OrbitLibrary", "src\OrbitLibrary\OrbitLibrary.csproj", "{F7A01BD2-2B14-40A7-9C64-329A25DA3781}"
EndProject
Project("{9A19103F-16F7-4668-BE54-9A1E7A4F7556}") = "OrbitLibrary_Test", "test\OrbitLibrary-Test\OrbitLibrary_Test.csproj", "{C15A101C-14FF-4E4D-87F0-D0BB559543B7}"
EndProject
Project("{9A19103F-16F7-4668-BE54-9A1E7A4F7556}") = "OrbitService_Test", "test\Envia-NFe-Test\OrbitService_Test.csproj", "{7E05FB88-89B9-432A-BF92-174E82862239}"
EndProject
Project("{9A19103F-16F7-4668-BE54-9A1E7A4F7556}") = "OrbitService_Test", "test\Inbound-NFe-Test\OrbitService_Test.csproj", "{AB044118-9C66-4673-98C1-23F8A39F256A}"
EndProject
Project("{9A19103F-16F7-4668-BE54-9A1E7A4F7556}") = "OrbitService_Test", "test\Inbound-NFSe-Test\OrbitService_Test.csproj", "{531E95BD-03D4-42AF-B45F-8DA18319031B}"
EndProject
Project("{9A19103F-16F7-4668-BE54-9A1E7A4F7556}") = "OrbitService_Test", "test\Inbound-OtherDocuments-Test\OrbitService_Test.csproj", "{2348C12D-CA8E-4439-B003-13E303B597EA}"
EndProject
Project("{2150E333-8FDC-42A3-9474-1A3956D46DE8}") = "Inutil-NFSe-Test", "Inutil-NFSe-Test", "{A1E7E6B6-4122-4C20-BF0A-7C79BB968BB0}"
EndProject
Project("{9A19103F-16F7-4668-BE54-9A1E7A4F7556}") = "OrbitService-InutilNFSe-Test", "test\Inutil-NFSe-Test\OrbitService-InutilNFSe-Test\OrbitService-InutilNFSe-Test.csproj", "{6B5D3D11-4401-4A92-B945-982B0927DABC}"
EndProject
Project("{2150E333-8FDC-42A3-9474-1A3956D46DE8}") = "Atualiza-NFe-Test", "Atualiza-NFe-Test", "{DF1B9727-A988-455A-8D93-8894FC8A9D4A}"
EndProject
Project("{9A19103F-16F7-4668-BE54-9A1E7A4F7556}") = "Orbit_Service_Test", "test\Atualiza-NFe-Test\Orbit_Service_Test\Orbit_Service_Test.csproj", "{C93E93B6-5BF0-43A0-8864-507EFD23DFCA}"
EndProject
Project("{2150E333-8FDC-42A3-9474-1A3956D46DE8}") = "Cancel-NFe-Test", "Cancel-NFe-Test", "{B90041A1-ACF4-42AA-8700-1481DD382496}"
EndProject
Project("{2150E333-8FDC-42A3-9474-1A3956D46DE8}") = "Inutil-NFe-Test", "Inutil-NFe-Test", "{70FF5C1B-7EFF-4F11-9DCE-2DB028948BCA}"
EndProject
Project("{2150E333-8FDC-42A3-9474-1A3956D46DE8}") = "Service_NFe", "Service_NFe", "{2544ABBB-D5C9-4F64-8FA9-94D3678FC90D}"
EndProject
Project("{9A19103F-16F7-4668-BE54-9A1E7A4F7556}") = "OrbitService_NFe", "src\Service_NFe\OrbitService_NFe\OrbitService_NFe.csproj", "{C9C514CC-FA50-4D88-93F8-BE7123D5F105}"
EndProject
Project("{2150E333-8FDC-42A3-9474-1A3956D46DE8}") = "Service_NFSe", "Service_NFSe", "{9138AFA8-3DB5-48F7-A0CA-FE61373FFA08}"
EndProject
Project("{9A19103F-16F7-4668-BE54-9A1E7A4F7556}") = "OrbitService_NFSe", "src\Service_NFSe\OrbitService_NFSe\OrbitService_NFSe.csproj", "{302756D2-D249-4A20-8197-2EAFED1ED21E}"
EndProject
Project("{2150E333-8FDC-42A3-9474-1A3956D46DE8}") = "Service_Fiscal", "Service_Fiscal", "{60421D7C-3D6B-4E98-8FE9-A930DC16C50F}"
EndProject
Project("{9A19103F-16F7-4668-BE54-9A1E7A4F7556}") = "OrbitService_Fiscal", "src\Service_Fiscal\OrbitService_Fiscal\OrbitService_Fiscal.csproj", "{C15A8690-D5A2-4F23-88F9-0B040E69F320}"
EndProject
Global
	GlobalSection(SolutionConfigurationPlatforms) = preSolution
		Debug|Any CPU = Debug|Any CPU
		Release|Any CPU = Release|Any CPU
	EndGlobalSection
	GlobalSection(ProjectConfigurationPlatforms) = postSolution
		{81ADD9F7-1CAF-45E3-8CAD-F3B36B9C984B}.Debug|Any CPU.ActiveCfg = Debug|Any CPU
		{81ADD9F7-1CAF-45E3-8CAD-F3B36B9C984B}.Debug|Any CPU.Build.0 = Debug|Any CPU
		{81ADD9F7-1CAF-45E3-8CAD-F3B36B9C984B}.Release|Any CPU.ActiveCfg = Release|Any CPU
		{81ADD9F7-1CAF-45E3-8CAD-F3B36B9C984B}.Release|Any CPU.Build.0 = Release|Any CPU
		{7E88D459-C037-46D2-9213-598ECEB283B8}.Debug|Any CPU.ActiveCfg = Debug|Any CPU
		{7E88D459-C037-46D2-9213-598ECEB283B8}.Debug|Any CPU.Build.0 = Debug|Any CPU
		{7E88D459-C037-46D2-9213-598ECEB283B8}.Release|Any CPU.ActiveCfg = Release|Any CPU
		{7E88D459-C037-46D2-9213-598ECEB283B8}.Release|Any CPU.Build.0 = Release|Any CPU
		{BAEB4E37-2018-4D86-A561-525EFEF23823}.Debug|Any CPU.ActiveCfg = Debug|Any CPU
		{BAEB4E37-2018-4D86-A561-525EFEF23823}.Debug|Any CPU.Build.0 = Debug|Any CPU
		{BAEB4E37-2018-4D86-A561-525EFEF23823}.Release|Any CPU.ActiveCfg = Release|Any CPU
		{BAEB4E37-2018-4D86-A561-525EFEF23823}.Release|Any CPU.Build.0 = Release|Any CPU
		{F7A01BD2-2B14-40A7-9C64-329A25DA3781}.Debug|Any CPU.ActiveCfg = Debug|Any CPU
		{F7A01BD2-2B14-40A7-9C64-329A25DA3781}.Debug|Any CPU.Build.0 = Debug|Any CPU
		{F7A01BD2-2B14-40A7-9C64-329A25DA3781}.Release|Any CPU.ActiveCfg = Release|Any CPU
		{F7A01BD2-2B14-40A7-9C64-329A25DA3781}.Release|Any CPU.Build.0 = Release|Any CPU
		{C15A101C-14FF-4E4D-87F0-D0BB559543B7}.Debug|Any CPU.ActiveCfg = Debug|Any CPU
		{C15A101C-14FF-4E4D-87F0-D0BB559543B7}.Debug|Any CPU.Build.0 = Debug|Any CPU
		{C15A101C-14FF-4E4D-87F0-D0BB559543B7}.Release|Any CPU.ActiveCfg = Release|Any CPU
		{C15A101C-14FF-4E4D-87F0-D0BB559543B7}.Release|Any CPU.Build.0 = Release|Any CPU
		{7E05FB88-89B9-432A-BF92-174E82862239}.Debug|Any CPU.ActiveCfg = Debug|Any CPU
		{7E05FB88-89B9-432A-BF92-174E82862239}.Debug|Any CPU.Build.0 = Debug|Any CPU
		{7E05FB88-89B9-432A-BF92-174E82862239}.Release|Any CPU.ActiveCfg = Release|Any CPU
		{7E05FB88-89B9-432A-BF92-174E82862239}.Release|Any CPU.Build.0 = Release|Any CPU
		{AB044118-9C66-4673-98C1-23F8A39F256A}.Debug|Any CPU.ActiveCfg = Debug|Any CPU
		{AB044118-9C66-4673-98C1-23F8A39F256A}.Debug|Any CPU.Build.0 = Debug|Any CPU
		{AB044118-9C66-4673-98C1-23F8A39F256A}.Release|Any CPU.ActiveCfg = Release|Any CPU
		{AB044118-9C66-4673-98C1-23F8A39F256A}.Release|Any CPU.Build.0 = Release|Any CPU
		{531E95BD-03D4-42AF-B45F-8DA18319031B}.Debug|Any CPU.ActiveCfg = Debug|Any CPU
		{531E95BD-03D4-42AF-B45F-8DA18319031B}.Debug|Any CPU.Build.0 = Debug|Any CPU
		{531E95BD-03D4-42AF-B45F-8DA18319031B}.Release|Any CPU.ActiveCfg = Release|Any CPU
		{531E95BD-03D4-42AF-B45F-8DA18319031B}.Release|Any CPU.Build.0 = Release|Any CPU
		{2348C12D-CA8E-4439-B003-13E303B597EA}.Debug|Any CPU.ActiveCfg = Debug|Any CPU
		{2348C12D-CA8E-4439-B003-13E303B597EA}.Debug|Any CPU.Build.0 = Debug|Any CPU
		{2348C12D-CA8E-4439-B003-13E303B597EA}.Release|Any CPU.ActiveCfg = Release|Any CPU
		{2348C12D-CA8E-4439-B003-13E303B597EA}.Release|Any CPU.Build.0 = Release|Any CPU
		{6B5D3D11-4401-4A92-B945-982B0927DABC}.Debug|Any CPU.ActiveCfg = Debug|Any CPU
		{6B5D3D11-4401-4A92-B945-982B0927DABC}.Debug|Any CPU.Build.0 = Debug|Any CPU
		{6B5D3D11-4401-4A92-B945-982B0927DABC}.Release|Any CPU.ActiveCfg = Release|Any CPU
		{6B5D3D11-4401-4A92-B945-982B0927DABC}.Release|Any CPU.Build.0 = Release|Any CPU
		{C93E93B6-5BF0-43A0-8864-507EFD23DFCA}.Debug|Any CPU.ActiveCfg = Debug|Any CPU
		{C93E93B6-5BF0-43A0-8864-507EFD23DFCA}.Debug|Any CPU.Build.0 = Debug|Any CPU
		{C93E93B6-5BF0-43A0-8864-507EFD23DFCA}.Release|Any CPU.ActiveCfg = Release|Any CPU
		{C93E93B6-5BF0-43A0-8864-507EFD23DFCA}.Release|Any CPU.Build.0 = Release|Any CPU
		{C9C514CC-FA50-4D88-93F8-BE7123D5F105}.Debug|Any CPU.ActiveCfg = Debug|Any CPU
		{C9C514CC-FA50-4D88-93F8-BE7123D5F105}.Debug|Any CPU.Build.0 = Debug|Any CPU
		{C9C514CC-FA50-4D88-93F8-BE7123D5F105}.Release|Any CPU.ActiveCfg = Release|Any CPU
		{C9C514CC-FA50-4D88-93F8-BE7123D5F105}.Release|Any CPU.Build.0 = Release|Any CPU
		{302756D2-D249-4A20-8197-2EAFED1ED21E}.Debug|Any CPU.ActiveCfg = Debug|Any CPU
		{302756D2-D249-4A20-8197-2EAFED1ED21E}.Debug|Any CPU.Build.0 = Debug|Any CPU
		{302756D2-D249-4A20-8197-2EAFED1ED21E}.Release|Any CPU.ActiveCfg = Release|Any CPU
		{302756D2-D249-4A20-8197-2EAFED1ED21E}.Release|Any CPU.Build.0 = Release|Any CPU
		{C15A8690-D5A2-4F23-88F9-0B040E69F320}.Debug|Any CPU.ActiveCfg = Debug|Any CPU
		{C15A8690-D5A2-4F23-88F9-0B040E69F320}.Debug|Any CPU.Build.0 = Debug|Any CPU
		{C15A8690-D5A2-4F23-88F9-0B040E69F320}.Release|Any CPU.ActiveCfg = Release|Any CPU
		{C15A8690-D5A2-4F23-88F9-0B040E69F320}.Release|Any CPU.Build.0 = Release|Any CPU
	EndGlobalSection
	GlobalSection(SolutionProperties) = preSolution
		HideSolutionNode = FALSE
	EndGlobalSection
	GlobalSection(NestedProjects) = preSolution
		{B876B0E7-B69A-4A7A-9A8B-0FF7F894C9E3} = {007A70D0-774E-4635-9955-F0C2CDCC62EE}
		{B3796A96-431F-4D24-B504-733A08CA05E3} = {007A70D0-774E-4635-9955-F0C2CDCC62EE}
		{96B304B8-57E3-46B1-A37E-25AAFAEB0E8D} = {F701513E-CCE6-4C60-B621-130E7982762E}
		{B3BB7002-9A46-4A76-9FF2-5D1E0CE727D9} = {F701513E-CCE6-4C60-B621-130E7982762E}
		{1F80FDCF-BF49-4553-8D8B-FA52A42796A3} = {F701513E-CCE6-4C60-B621-130E7982762E}
		{726AB4BC-A21C-47CB-90FC-101E2FCD5BEE} = {F701513E-CCE6-4C60-B621-130E7982762E}
		{DEBEC197-6BD3-44EA-98A1-F04F89E279CE} = {F701513E-CCE6-4C60-B621-130E7982762E}
		{F67E1FA2-5992-4ED9-81BB-E7220B724030} = {F701513E-CCE6-4C60-B621-130E7982762E}
		{987CC61F-D2F5-48D3-ADA7-D4F9E58F07A1} = {F701513E-CCE6-4C60-B621-130E7982762E}
		{81ADD9F7-1CAF-45E3-8CAD-F3B36B9C984B} = {B876B0E7-B69A-4A7A-9A8B-0FF7F894C9E3}
		{7E88D459-C037-46D2-9213-598ECEB283B8} = {96B304B8-57E3-46B1-A37E-25AAFAEB0E8D}
		{BAEB4E37-2018-4D86-A561-525EFEF23823} = {B3BB7002-9A46-4A76-9FF2-5D1E0CE727D9}
		{F7A01BD2-2B14-40A7-9C64-329A25DA3781} = {B3796A96-431F-4D24-B504-733A08CA05E3}
		{C15A101C-14FF-4E4D-87F0-D0BB559543B7} = {987CC61F-D2F5-48D3-ADA7-D4F9E58F07A1}
		{7E05FB88-89B9-432A-BF92-174E82862239} = {1F80FDCF-BF49-4553-8D8B-FA52A42796A3}
		{AB044118-9C66-4673-98C1-23F8A39F256A} = {DEBEC197-6BD3-44EA-98A1-F04F89E279CE}
		{531E95BD-03D4-42AF-B45F-8DA18319031B} = {726AB4BC-A21C-47CB-90FC-101E2FCD5BEE}
		{2348C12D-CA8E-4439-B003-13E303B597EA} = {F67E1FA2-5992-4ED9-81BB-E7220B724030}
		{A1E7E6B6-4122-4C20-BF0A-7C79BB968BB0} = {F701513E-CCE6-4C60-B621-130E7982762E}
		{6B5D3D11-4401-4A92-B945-982B0927DABC} = {A1E7E6B6-4122-4C20-BF0A-7C79BB968BB0}
		{DF1B9727-A988-455A-8D93-8894FC8A9D4A} = {F701513E-CCE6-4C60-B621-130E7982762E}
		{C93E93B6-5BF0-43A0-8864-507EFD23DFCA} = {DF1B9727-A988-455A-8D93-8894FC8A9D4A}
		{B90041A1-ACF4-42AA-8700-1481DD382496} = {F701513E-CCE6-4C60-B621-130E7982762E}
		{70FF5C1B-7EFF-4F11-9DCE-2DB028948BCA} = {F701513E-CCE6-4C60-B621-130E7982762E}
		{2544ABBB-D5C9-4F64-8FA9-94D3678FC90D} = {007A70D0-774E-4635-9955-F0C2CDCC62EE}
		{C9C514CC-FA50-4D88-93F8-BE7123D5F105} = {2544ABBB-D5C9-4F64-8FA9-94D3678FC90D}
		{9138AFA8-3DB5-48F7-A0CA-FE61373FFA08} = {007A70D0-774E-4635-9955-F0C2CDCC62EE}
		{302756D2-D249-4A20-8197-2EAFED1ED21E} = {9138AFA8-3DB5-48F7-A0CA-FE61373FFA08}
		{60421D7C-3D6B-4E98-8FE9-A930DC16C50F} = {007A70D0-774E-4635-9955-F0C2CDCC62EE}
		{C15A8690-D5A2-4F23-88F9-0B040E69F320} = {60421D7C-3D6B-4E98-8FE9-A930DC16C50F}
	EndGlobalSection
	GlobalSection(ExtensibilityGlobals) = postSolution
		SolutionGuid = {40EC3E27-C0F5-43B7-A752-D518DDCC0193}
	EndGlobalSection
EndGlobal
